
Microsoft Visual Studio Solution File, Format Version 12.00
# Visual Studio Version 17
VisualStudioVersion = 17.10.35027.167
MinimumVisualStudioVersion = 10.0.40219.1
Project("{FAE04EC0-301F-11D3-BF4B-00C04F79EFBC}") = "Cytidel.Api", "Cytidel.Api.csproj", "{07F3DBE5-2104-4AEF-91A0-DEF09E56FB11}"
EndProject
Project("{FAE04EC0-301F-11D3-BF4B-00C04F79EFBC}") = "Cytidel.Tests", "Cytidel.Tests\Cytidel.Tests.csproj", "{D27327B5-1260-4BD0-975B-BED050421E9F}"
EndProject
Global
	GlobalSection(SolutionConfigurationPlatforms) = preSolution
		Debug|Any CPU = Debug|Any CPU
		Release|Any CPU = Release|Any CPU
	EndGlobalSection
	GlobalSection(ProjectConfigurationPlatforms) = postSolution
		{07F3DBE5-2104-4AEF-91A0-DEF09E56FB11}.Debug|Any CPU.ActiveCfg = Debug|Any CPU
		{07F3DBE5-2104-4AEF-91A0-DEF09E56FB11}.Debug|Any CPU.Build.0 = Debug|Any CPU
		{07F3DBE5-2104-4AEF-91A0-DEF09E56FB11}.Release|Any CPU.ActiveCfg = Release|Any CPU
		{07F3DBE5-2104-4AEF-91A0-DEF09E56FB11}.Release|Any CPU.Build.0 = Release|Any CPU
		{D27327B5-1260-4BD0-975B-BED050421E9F}.Debug|Any CPU.ActiveCfg = Debug|Any CPU
		{D27327B5-1260-4BD0-975B-BED050421E9F}.Debug|Any CPU.Build.0 = Debug|Any CPU
		{D27327B5-1260-4BD0-975B-BED050421E9F}.Release|Any CPU.ActiveCfg = Release|Any CPU
		{D27327B5-1260-4BD0-975B-BED050421E9F}.Release|Any CPU.Build.0 = Release|Any CPU
	EndGlobalSection
	GlobalSection(SolutionProperties) = preSolution
		HideSolutionNode = FALSE
	EndGlobalSection
	GlobalSection(ExtensibilityGlobals) = postSolution
		SolutionGuid = {0ABACA9B-5A09-4365-A382-FF31959D59B9}
	EndGlobalSection
EndGlobal
